
Microsoft Visual Studio Solution File, Format Version 12.00
# Visual Studio Version 17
VisualStudioVersion = 17.5.002.0
MinimumVisualStudioVersion = 10.0.40219.1
Project("{2150E333-8FDC-42A3-9474-1A3956D46DE8}") = "sandbox", "sandbox", "{0FFA095E-7693-4641-A616-5F6D200E1C6B}"
EndProject
Project("{9A19103F-16F7-4668-BE54-9A1E7A4F7556}") = "sandbox_project", "sandbox\sandbox_project\sandbox_project.csproj", "{9B4060BA-5C35-4CA8-AB58-45633A0EFD11}"
EndProject
Project("{2150E333-8FDC-42A3-9474-1A3956D46DE8}") = "week01", "week01", "{B4C57A2C-8B62-4362-B8DC-2ED3FFBAB1CA}"
EndProject
Project("{9A19103F-16F7-4668-BE54-9A1E7A4F7556}") = "analyze", "week01\analyze\analyze.csproj", "{F297451D-1F91-4D4C-92E7-1A74E200ECC7}"
EndProject
Project("{9A19103F-16F7-4668-BE54-9A1E7A4F7556}") = "code", "week01\code\code.csproj", "{65EE685D-E498-4395-9ED2-F33922D664BA}"
EndProject
Project("{9A19103F-16F7-4668-BE54-9A1E7A4F7556}") = "teach", "week01\teach\teach.csproj", "{F71CF6F4-A1C9-47D0-8DDD-DE03619C19D9}"
EndProject
Project("{2150E333-8FDC-42A3-9474-1A3956D46DE8}") = "week02", "week02", "{69C24E7C-4DFF-4964-9D8E-879F457A6DB3}"
EndProject
Project("{9A19103F-16F7-4668-BE54-9A1E7A4F7556}") = "analyze", "week02\analyze\analyze.csproj", "{74B9CE17-90FF-4F16-8454-7876843CC91C}"
EndProject
Project("{9A19103F-16F7-4668-BE54-9A1E7A4F7556}") = "code", "week02\code\code.csproj", "{02F62FBC-4A88-4E28-843B-0665835B3050}"
EndProject
Project("{9A19103F-16F7-4668-BE54-9A1E7A4F7556}") = "learn", "week02\learn\learn.csproj", "{F947E190-4121-4936-8F9A-496485BBCD31}"
EndProject
Project("{9A19103F-16F7-4668-BE54-9A1E7A4F7556}") = "teach", "week02\teach\teach.csproj", "{3199E250-C46E-4E4E-93B1-CE707E36ACBD}"
EndProject
Project("{2150E333-8FDC-42A3-9474-1A3956D46DE8}") = "week03", "week03", "{219E5BE0-E014-49FC-81FD-903F16B8C603}"
EndProject
Project("{9A19103F-16F7-4668-BE54-9A1E7A4F7556}") = "code", "week03\code\code.csproj", "{28960AF5-95C7-4A4A-B009-0772EF6B03BB}"
EndProject
Project("{9A19103F-16F7-4668-BE54-9A1E7A4F7556}") = "learn", "week03\learn\learn.csproj", "{0A2576B1-F033-4EAA-A780-B0D9CA4F76BD}"
EndProject
Project("{9A19103F-16F7-4668-BE54-9A1E7A4F7556}") = "teach", "week03\teach\teach.csproj", "{A0455EFD-0208-4A10-A174-1A67FD36A918}"
EndProject
Project("{2150E333-8FDC-42A3-9474-1A3956D46DE8}") = "week04", "week04", "{DE735EC3-0D99-406A-B97A-F5FB44CAA81A}"
EndProject
Project("{9A19103F-16F7-4668-BE54-9A1E7A4F7556}") = "code", "week04\code\code.csproj", "{F87BA672-3CA7-40FA-8245-47CE31CF0DBE}"
EndProject
Project("{2150E333-8FDC-42A3-9474-1A3956D46DE8}") = "week05", "week05", "{D332E1C6-CE2C-419D-B1E0-62F06F2C82A4}"
EndProject
Project("{9A19103F-16F7-4668-BE54-9A1E7A4F7556}") = "code", "week05\code\code.csproj", "{50ED516B-6819-4DC6-A6F8-B0A82305C3DB}"
EndProject
Project("{2150E333-8FDC-42A3-9474-1A3956D46DE8}") = "week06", "week06", "{8EDF8F82-389E-472F-9491-8C5A51340FAF}"
EndProject
Project("{9A19103F-16F7-4668-BE54-9A1E7A4F7556}") = "code", "week06\code\code.csproj", "{4DCCBBA5-5CBD-4944-A4FE-35D388F45F18}"
EndProject
Global
	GlobalSection(SolutionConfigurationPlatforms) = preSolution
		Debug|Any CPU = Debug|Any CPU
		Release|Any CPU = Release|Any CPU
	EndGlobalSection
	GlobalSection(ProjectConfigurationPlatforms) = postSolution
		{9B4060BA-5C35-4CA8-AB58-45633A0EFD11}.Debug|Any CPU.ActiveCfg = Debug|Any CPU
		{9B4060BA-5C35-4CA8-AB58-45633A0EFD11}.Debug|Any CPU.Build.0 = Debug|Any CPU
		{9B4060BA-5C35-4CA8-AB58-45633A0EFD11}.Release|Any CPU.ActiveCfg = Release|Any CPU
		{9B4060BA-5C35-4CA8-AB58-45633A0EFD11}.Release|Any CPU.Build.0 = Release|Any CPU
		{F297451D-1F91-4D4C-92E7-1A74E200ECC7}.Debug|Any CPU.ActiveCfg = Debug|Any CPU
		{F297451D-1F91-4D4C-92E7-1A74E200ECC7}.Debug|Any CPU.Build.0 = Debug|Any CPU
		{F297451D-1F91-4D4C-92E7-1A74E200ECC7}.Release|Any CPU.ActiveCfg = Release|Any CPU
		{F297451D-1F91-4D4C-92E7-1A74E200ECC7}.Release|Any CPU.Build.0 = Release|Any CPU
		{65EE685D-E498-4395-9ED2-F33922D664BA}.Debug|Any CPU.ActiveCfg = Debug|Any CPU
		{65EE685D-E498-4395-9ED2-F33922D664BA}.Debug|Any CPU.Build.0 = Debug|Any CPU
		{65EE685D-E498-4395-9ED2-F33922D664BA}.Release|Any CPU.ActiveCfg = Release|Any CPU
		{65EE685D-E498-4395-9ED2-F33922D664BA}.Release|Any CPU.Build.0 = Release|Any CPU
		{F71CF6F4-A1C9-47D0-8DDD-DE03619C19D9}.Debug|Any CPU.ActiveCfg = Debug|Any CPU
		{F71CF6F4-A1C9-47D0-8DDD-DE03619C19D9}.Debug|Any CPU.Build.0 = Debug|Any CPU
		{F71CF6F4-A1C9-47D0-8DDD-DE03619C19D9}.Release|Any CPU.ActiveCfg = Release|Any CPU
		{F71CF6F4-A1C9-47D0-8DDD-DE03619C19D9}.Release|Any CPU.Build.0 = Release|Any CPU
		{74B9CE17-90FF-4F16-8454-7876843CC91C}.Debug|Any CPU.ActiveCfg = Debug|Any CPU
		{74B9CE17-90FF-4F16-8454-7876843CC91C}.Debug|Any CPU.Build.0 = Debug|Any CPU
		{74B9CE17-90FF-4F16-8454-7876843CC91C}.Release|Any CPU.ActiveCfg = Release|Any CPU
		{74B9CE17-90FF-4F16-8454-7876843CC91C}.Release|Any CPU.Build.0 = Release|Any CPU
		{02F62FBC-4A88-4E28-843B-0665835B3050}.Debug|Any CPU.ActiveCfg = Debug|Any CPU
		{02F62FBC-4A88-4E28-843B-0665835B3050}.Debug|Any CPU.Build.0 = Debug|Any CPU
		{02F62FBC-4A88-4E28-843B-0665835B3050}.Release|Any CPU.ActiveCfg = Release|Any CPU
		{02F62FBC-4A88-4E28-843B-0665835B3050}.Release|Any CPU.Build.0 = Release|Any CPU
		{F947E190-4121-4936-8F9A-496485BBCD31}.Debug|Any CPU.ActiveCfg = Debug|Any CPU
		{F947E190-4121-4936-8F9A-496485BBCD31}.Debug|Any CPU.Build.0 = Debug|Any CPU
		{F947E190-4121-4936-8F9A-496485BBCD31}.Release|Any CPU.ActiveCfg = Release|Any CPU
		{F947E190-4121-4936-8F9A-496485BBCD31}.Release|Any CPU.Build.0 = Release|Any CPU
		{3199E250-C46E-4E4E-93B1-CE707E36ACBD}.Debug|Any CPU.ActiveCfg = Debug|Any CPU
		{3199E250-C46E-4E4E-93B1-CE707E36ACBD}.Debug|Any CPU.Build.0 = Debug|Any CPU
		{3199E250-C46E-4E4E-93B1-CE707E36ACBD}.Release|Any CPU.ActiveCfg = Release|Any CPU
		{3199E250-C46E-4E4E-93B1-CE707E36ACBD}.Release|Any CPU.Build.0 = Release|Any CPU
		{28960AF5-95C7-4A4A-B009-0772EF6B03BB}.Debug|Any CPU.ActiveCfg = Debug|Any CPU
		{28960AF5-95C7-4A4A-B009-0772EF6B03BB}.Debug|Any CPU.Build.0 = Debug|Any CPU
		{28960AF5-95C7-4A4A-B009-0772EF6B03BB}.Release|Any CPU.ActiveCfg = Release|Any CPU
		{28960AF5-95C7-4A4A-B009-0772EF6B03BB}.Release|Any CPU.Build.0 = Release|Any CPU
		{0A2576B1-F033-4EAA-A780-B0D9CA4F76BD}.Debug|Any CPU.ActiveCfg = Debug|Any CPU
		{0A2576B1-F033-4EAA-A780-B0D9CA4F76BD}.Debug|Any CPU.Build.0 = Debug|Any CPU
		{0A2576B1-F033-4EAA-A780-B0D9CA4F76BD}.Release|Any CPU.ActiveCfg = Release|Any CPU
		{0A2576B1-F033-4EAA-A780-B0D9CA4F76BD}.Release|Any CPU.Build.0 = Release|Any CPU
		{A0455EFD-0208-4A10-A174-1A67FD36A918}.Debug|Any CPU.ActiveCfg = Debug|Any CPU
		{A0455EFD-0208-4A10-A174-1A67FD36A918}.Debug|Any CPU.Build.0 = Debug|Any CPU
		{A0455EFD-0208-4A10-A174-1A67FD36A918}.Release|Any CPU.ActiveCfg = Release|Any CPU
		{A0455EFD-0208-4A10-A174-1A67FD36A918}.Release|Any CPU.Build.0 = Release|Any CPU
		{F87BA672-3CA7-40FA-8245-47CE31CF0DBE}.Debug|Any CPU.ActiveCfg = Debug|Any CPU
		{F87BA672-3CA7-40FA-8245-47CE31CF0DBE}.Debug|Any CPU.Build.0 = Debug|Any CPU
		{F87BA672-3CA7-40FA-8245-47CE31CF0DBE}.Release|Any CPU.ActiveCfg = Release|Any CPU
		{F87BA672-3CA7-40FA-8245-47CE31CF0DBE}.Release|Any CPU.Build.0 = Release|Any CPU
		{50ED516B-6819-4DC6-A6F8-B0A82305C3DB}.Debug|Any CPU.ActiveCfg = Debug|Any CPU
		{50ED516B-6819-4DC6-A6F8-B0A82305C3DB}.Debug|Any CPU.Build.0 = Debug|Any CPU
		{50ED516B-6819-4DC6-A6F8-B0A82305C3DB}.Release|Any CPU.ActiveCfg = Release|Any CPU
		{50ED516B-6819-4DC6-A6F8-B0A82305C3DB}.Release|Any CPU.Build.0 = Release|Any CPU
		{4DCCBBA5-5CBD-4944-A4FE-35D388F45F18}.Debug|Any CPU.ActiveCfg = Debug|Any CPU
		{4DCCBBA5-5CBD-4944-A4FE-35D388F45F18}.Debug|Any CPU.Build.0 = Debug|Any CPU
		{4DCCBBA5-5CBD-4944-A4FE-35D388F45F18}.Release|Any CPU.ActiveCfg = Release|Any CPU
		{4DCCBBA5-5CBD-4944-A4FE-35D388F45F18}.Release|Any CPU.Build.0 = Release|Any CPU
	EndGlobalSection
	GlobalSection(SolutionProperties) = preSolution
		HideSolutionNode = FALSE
	EndGlobalSection
	GlobalSection(NestedProjects) = preSolution
		{9B4060BA-5C35-4CA8-AB58-45633A0EFD11} = {0FFA095E-7693-4641-A616-5F6D200E1C6B}
		{F297451D-1F91-4D4C-92E7-1A74E200ECC7} = {B4C57A2C-8B62-4362-B8DC-2ED3FFBAB1CA}
		{65EE685D-E498-4395-9ED2-F33922D664BA} = {B4C57A2C-8B62-4362-B8DC-2ED3FFBAB1CA}
		{F71CF6F4-A1C9-47D0-8DDD-DE03619C19D9} = {B4C57A2C-8B62-4362-B8DC-2ED3FFBAB1CA}
		{74B9CE17-90FF-4F16-8454-7876843CC91C} = {69C24E7C-4DFF-4964-9D8E-879F457A6DB3}
		{02F62FBC-4A88-4E28-843B-0665835B3050} = {69C24E7C-4DFF-4964-9D8E-879F457A6DB3}
		{F947E190-4121-4936-8F9A-496485BBCD31} = {69C24E7C-4DFF-4964-9D8E-879F457A6DB3}
		{3199E250-C46E-4E4E-93B1-CE707E36ACBD} = {69C24E7C-4DFF-4964-9D8E-879F457A6DB3}
		{28960AF5-95C7-4A4A-B009-0772EF6B03BB} = {219E5BE0-E014-49FC-81FD-903F16B8C603}
		{0A2576B1-F033-4EAA-A780-B0D9CA4F76BD} = {219E5BE0-E014-49FC-81FD-903F16B8C603}
		{A0455EFD-0208-4A10-A174-1A67FD36A918} = {219E5BE0-E014-49FC-81FD-903F16B8C603}
		{F87BA672-3CA7-40FA-8245-47CE31CF0DBE} = {DE735EC3-0D99-406A-B97A-F5FB44CAA81A}
		{50ED516B-6819-4DC6-A6F8-B0A82305C3DB} = {D332E1C6-CE2C-419D-B1E0-62F06F2C82A4}
		{4DCCBBA5-5CBD-4944-A4FE-35D388F45F18} = {8EDF8F82-389E-472F-9491-8C5A51340FAF}
	EndGlobalSection
	GlobalSection(ExtensibilityGlobals) = postSolution
		SolutionGuid = {FB0358BE-1021-4212-92A5-397C730FF8EF}
	EndGlobalSection
EndGlobal
